
Microsoft Visual Studio Solution File, Format Version 12.00
# Visual Studio Version 16
VisualStudioVersion = 16.0.29209.62
MinimumVisualStudioVersion = 10.0.40219.1
Project("{FAE04EC0-301F-11D3-BF4B-00C04F79EFBC}") = "WebApplication1", "WebApplication1\WebApplication1.csproj", "{C06431C2-1F10-4593-83F9-25B5F63F8994}"
EndProject
Global
	GlobalSection(SolutionConfigurationPlatforms) = preSolution
		Debug|Any CPU = Debug|Any CPU
		Release|Any CPU = Release|Any CPU
	EndGlobalSection
	GlobalSection(ProjectConfigurationPlatforms) = postSolution
		{C06431C2-1F10-4593-83F9-25B5F63F8994}.Debug|Any CPU.ActiveCfg = Debug|Any CPU
		{C06431C2-1F10-4593-83F9-25B5F63F8994}.Debug|Any CPU.Build.0 = Debug|Any CPU
		{C06431C2-1F10-4593-83F9-25B5F63F8994}.Release|Any CPU.ActiveCfg = Release|Any CPU
		{C06431C2-1F10-4593-83F9-25B5F63F8994}.Release|Any CPU.Build.0 = Release|Any CPU
	EndGlobalSection
	GlobalSection(SolutionProperties) = preSolution
		HideSolutionNode = FALSE
	EndGlobalSection
	GlobalSection(ExtensibilityGlobals) = postSolution
		SolutionGuid = {E2DB9B53-AF69-4787-9FCF-5ED167FE9CF1}
	EndGlobalSection
EndGlobal
